
Microsoft Visual Studio Solution File, Format Version 12.00
#
Project("{FAE04EC0-301F-11D3-BF4B-00C04F79EFBC}") = "Algorithms", "algorithms\Algorithms.csproj", "{1BBCD82A-C501-4085-9C70-19BA085C39D7}"
EndProject
Project("{FAE04EC0-301F-11D3-BF4B-00C04F79EFBC}") = "FunCSharp", "FunCSharp\FunCSharp.csproj", "{51999FA7-9CDF-4AD4-A20D-8E3896C94F44}"
EndProject
Project("{FAE04EC0-301F-11D3-BF4B-00C04F79EFBC}") = "FunCSharp.Tests", "FunCSharp.Tests\FunCSharp.Tests.csproj", "{76433034-D751-4C39-A1F8-C00605F412C6}"
EndProject
Project("{FAE04EC0-301F-11D3-BF4B-00C04F79EFBC}") = "ExpressionTreesAndRuleEngine", "ExpressionTreesAndRuleEngine\ExpressionTreesAndRuleEngine.csproj", "{EDCD653A-FF2B-40F3-9093-07BB727800D9}"
EndProject
Project("{FAE04EC0-301F-11D3-BF4B-00C04F79EFBC}") = "ExpressionTreesAndRuleEngine.Tests", "ExpressionTreesAndRuleEngine.Tests\ExpressionTreesAndRuleEngine.Tests.csproj", "{362967FC-74D6-47DD-9965-595EB462C170}"
EndProject
Project("{F2A71F9B-5D33-465A-A702-920D77279786}") = "FunFunFSharp", "FunFunFSharp\FunFunFSharp.fsproj", "{105D49CC-15CD-42BA-9340-B44A80441E50}"
EndProject
Project("{FAE04EC0-301F-11D3-BF4B-00C04F79EFBC}") = "DesignPatterns", "DesignPatterns\DesignPatterns.csproj", "{74296287-0DD5-49C2-B8EB-1FF180745847}"
EndProject
Project("{FAE04EC0-301F-11D3-BF4B-00C04F79EFBC}") = "OtherTopics", "OtherTopics\OtherTopics.csproj", "{3455BE53-3CD5-40B8-86B7-E98E630D95C4}"
EndProject
Project("{FAE04EC0-301F-11D3-BF4B-00C04F79EFBC}") = "ServiceBusExample", "Azure\ServiceBusExample\ServiceBusExample.csproj", "{0BEF2D4E-B5FA-462D-8173-65A062153F34}"
EndProject
Project("{FAE04EC0-301F-11D3-BF4B-00C04F79EFBC}") = "WeatherDataProcessor", "Azure\WeatherDataProcessor\WeatherDataProcessor.csproj", "{817781C5-428B-4AB7-BA8C-6ACBCD292972}"
EndProject
Global
	GlobalSection(SolutionConfigurationPlatforms) = preSolution
		Debug|Any CPU = Debug|Any CPU
		Release|Any CPU = Release|Any CPU
	EndGlobalSection
	GlobalSection(ProjectConfigurationPlatforms) = postSolution
		{1BBCD82A-C501-4085-9C70-19BA085C39D7}.Debug|Any CPU.ActiveCfg = Debug|Any CPU
		{1BBCD82A-C501-4085-9C70-19BA085C39D7}.Debug|Any CPU.Build.0 = Debug|Any CPU
		{1BBCD82A-C501-4085-9C70-19BA085C39D7}.Release|Any CPU.ActiveCfg = Release|Any CPU
		{1BBCD82A-C501-4085-9C70-19BA085C39D7}.Release|Any CPU.Build.0 = Release|Any CPU
		{51999FA7-9CDF-4AD4-A20D-8E3896C94F44}.Debug|Any CPU.ActiveCfg = Debug|Any CPU
		{51999FA7-9CDF-4AD4-A20D-8E3896C94F44}.Debug|Any CPU.Build.0 = Debug|Any CPU
		{51999FA7-9CDF-4AD4-A20D-8E3896C94F44}.Release|Any CPU.ActiveCfg = Release|Any CPU
		{51999FA7-9CDF-4AD4-A20D-8E3896C94F44}.Release|Any CPU.Build.0 = Release|Any CPU
		{76433034-D751-4C39-A1F8-C00605F412C6}.Debug|Any CPU.ActiveCfg = Debug|Any CPU
		{76433034-D751-4C39-A1F8-C00605F412C6}.Debug|Any CPU.Build.0 = Debug|Any CPU
		{76433034-D751-4C39-A1F8-C00605F412C6}.Release|Any CPU.ActiveCfg = Release|Any CPU
		{76433034-D751-4C39-A1F8-C00605F412C6}.Release|Any CPU.Build.0 = Release|Any CPU
		{EDCD653A-FF2B-40F3-9093-07BB727800D9}.Debug|Any CPU.ActiveCfg = Debug|Any CPU
		{EDCD653A-FF2B-40F3-9093-07BB727800D9}.Debug|Any CPU.Build.0 = Debug|Any CPU
		{EDCD653A-FF2B-40F3-9093-07BB727800D9}.Release|Any CPU.ActiveCfg = Release|Any CPU
		{EDCD653A-FF2B-40F3-9093-07BB727800D9}.Release|Any CPU.Build.0 = Release|Any CPU
		{362967FC-74D6-47DD-9965-595EB462C170}.Debug|Any CPU.ActiveCfg = Debug|Any CPU
		{362967FC-74D6-47DD-9965-595EB462C170}.Debug|Any CPU.Build.0 = Debug|Any CPU
		{362967FC-74D6-47DD-9965-595EB462C170}.Release|Any CPU.ActiveCfg = Release|Any CPU
		{362967FC-74D6-47DD-9965-595EB462C170}.Release|Any CPU.Build.0 = Release|Any CPU
		{105D49CC-15CD-42BA-9340-B44A80441E50}.Debug|Any CPU.ActiveCfg = Debug|Any CPU
		{105D49CC-15CD-42BA-9340-B44A80441E50}.Debug|Any CPU.Build.0 = Debug|Any CPU
		{105D49CC-15CD-42BA-9340-B44A80441E50}.Release|Any CPU.ActiveCfg = Release|Any CPU
		{105D49CC-15CD-42BA-9340-B44A80441E50}.Release|Any CPU.Build.0 = Release|Any CPU
		{74296287-0DD5-49C2-B8EB-1FF180745847}.Debug|Any CPU.ActiveCfg = Debug|Any CPU
		{74296287-0DD5-49C2-B8EB-1FF180745847}.Debug|Any CPU.Build.0 = Debug|Any CPU
		{74296287-0DD5-49C2-B8EB-1FF180745847}.Release|Any CPU.ActiveCfg = Release|Any CPU
		{74296287-0DD5-49C2-B8EB-1FF180745847}.Release|Any CPU.Build.0 = Release|Any CPU
		{3455BE53-3CD5-40B8-86B7-E98E630D95C4}.Debug|Any CPU.ActiveCfg = Debug|Any CPU
		{3455BE53-3CD5-40B8-86B7-E98E630D95C4}.Debug|Any CPU.Build.0 = Debug|Any CPU
		{3455BE53-3CD5-40B8-86B7-E98E630D95C4}.Release|Any CPU.ActiveCfg = Release|Any CPU
		{3455BE53-3CD5-40B8-86B7-E98E630D95C4}.Release|Any CPU.Build.0 = Release|Any CPU
		{0BEF2D4E-B5FA-462D-8173-65A062153F34}.Debug|Any CPU.ActiveCfg = Debug|Any CPU
		{0BEF2D4E-B5FA-462D-8173-65A062153F34}.Debug|Any CPU.Build.0 = Debug|Any CPU
		{0BEF2D4E-B5FA-462D-8173-65A062153F34}.Release|Any CPU.ActiveCfg = Release|Any CPU
		{0BEF2D4E-B5FA-462D-8173-65A062153F34}.Release|Any CPU.Build.0 = Release|Any CPU
		{817781C5-428B-4AB7-BA8C-6ACBCD292972}.Debug|Any CPU.ActiveCfg = Debug|Any CPU
		{817781C5-428B-4AB7-BA8C-6ACBCD292972}.Debug|Any CPU.Build.0 = Debug|Any CPU
		{817781C5-428B-4AB7-BA8C-6ACBCD292972}.Release|Any CPU.ActiveCfg = Release|Any CPU
		{817781C5-428B-4AB7-BA8C-6ACBCD292972}.Release|Any CPU.Build.0 = Release|Any CPU
	EndGlobalSection
EndGlobal
