
Microsoft Visual Studio Solution File, Format Version 12.00
Project("{FAE04EC0-301F-11D3-BF4B-00C04F79EFBC}") = "ExpressionTreesAndRuleEngine", "ExpressionTreesAndRuleEngine\ExpressionTreesAndRuleEngine.csproj", "{4CB9CC6E-F30D-47B2-A8E1-B20E7CADD0C8}"
EndProject
Project("{FAE04EC0-301F-11D3-BF4B-00C04F79EFBC}") = "ExpressionTreesAndRuleEngine.Tests", "ExpressionTreesAndRuleEngine.Tests\ExpressionTreesAndRuleEngine.Tests.csproj", "{A44A46FF-4B81-40A8-A563-852E4911132E}"
EndProject
Global
	GlobalSection(SolutionConfigurationPlatforms) = preSolution
		Debug|Any CPU = Debug|Any CPU
		Release|Any CPU = Release|Any CPU
	EndGlobalSection
	GlobalSection(ProjectConfigurationPlatforms) = postSolution
		{4CB9CC6E-F30D-47B2-A8E1-B20E7CADD0C8}.Debug|Any CPU.ActiveCfg = Debug|Any CPU
		{4CB9CC6E-F30D-47B2-A8E1-B20E7CADD0C8}.Debug|Any CPU.Build.0 = Debug|Any CPU
		{4CB9CC6E-F30D-47B2-A8E1-B20E7CADD0C8}.Release|Any CPU.ActiveCfg = Release|Any CPU
		{4CB9CC6E-F30D-47B2-A8E1-B20E7CADD0C8}.Release|Any CPU.Build.0 = Release|Any CPU
		{A44A46FF-4B81-40A8-A563-852E4911132E}.Debug|Any CPU.ActiveCfg = Debug|Any CPU
		{A44A46FF-4B81-40A8-A563-852E4911132E}.Debug|Any CPU.Build.0 = Debug|Any CPU
		{A44A46FF-4B81-40A8-A563-852E4911132E}.Release|Any CPU.ActiveCfg = Release|Any CPU
		{A44A46FF-4B81-40A8-A563-852E4911132E}.Release|Any CPU.Build.0 = Release|Any CPU
	EndGlobalSection
EndGlobal
