
Microsoft Visual Studio Solution File, Format Version 12.00
Project("{FAE04EC0-301F-11D3-BF4B-00C04F79EFBC}") = "BlazorApp1", "BlazorApp1\BlazorApp1.csproj", "{DA42095F-1D88-4228-B04A-705BC6F7D47A}"
EndProject
Project("{FAE04EC0-301F-11D3-BF4B-00C04F79EFBC}") = "WebApplication1", "WebApplication1\WebApplication1.csproj", "{07069B56-C51E-4ED8-AA3D-E83AB7E8EA2E}"
EndProject
Project("{FAE04EC0-301F-11D3-BF4B-00C04F79EFBC}") = "WebApplication2", "WebApplication2\WebApplication2.csproj", "{CA350A6A-7855-41ED-9D8B-4F4D093A62F7}"
EndProject
Project("{FAE04EC0-301F-11D3-BF4B-00C04F79EFBC}") = "BlazorApp2", "BlazorApp2\BlazorApp2.csproj", "{93F8BECC-119B-483F-AC07-5376E9579523}"
EndProject
Global
	GlobalSection(SolutionConfigurationPlatforms) = preSolution
		Debug|Any CPU = Debug|Any CPU
		Release|Any CPU = Release|Any CPU
	EndGlobalSection
	GlobalSection(ProjectConfigurationPlatforms) = postSolution
		{DA42095F-1D88-4228-B04A-705BC6F7D47A}.Debug|Any CPU.ActiveCfg = Debug|Any CPU
		{DA42095F-1D88-4228-B04A-705BC6F7D47A}.Debug|Any CPU.Build.0 = Debug|Any CPU
		{DA42095F-1D88-4228-B04A-705BC6F7D47A}.Release|Any CPU.ActiveCfg = Release|Any CPU
		{DA42095F-1D88-4228-B04A-705BC6F7D47A}.Release|Any CPU.Build.0 = Release|Any CPU
		{07069B56-C51E-4ED8-AA3D-E83AB7E8EA2E}.Debug|Any CPU.ActiveCfg = Debug|Any CPU
		{07069B56-C51E-4ED8-AA3D-E83AB7E8EA2E}.Debug|Any CPU.Build.0 = Debug|Any CPU
		{07069B56-C51E-4ED8-AA3D-E83AB7E8EA2E}.Release|Any CPU.ActiveCfg = Release|Any CPU
		{07069B56-C51E-4ED8-AA3D-E83AB7E8EA2E}.Release|Any CPU.Build.0 = Release|Any CPU
		{CA350A6A-7855-41ED-9D8B-4F4D093A62F7}.Debug|Any CPU.ActiveCfg = Debug|Any CPU
		{CA350A6A-7855-41ED-9D8B-4F4D093A62F7}.Debug|Any CPU.Build.0 = Debug|Any CPU
		{CA350A6A-7855-41ED-9D8B-4F4D093A62F7}.Release|Any CPU.ActiveCfg = Release|Any CPU
		{CA350A6A-7855-41ED-9D8B-4F4D093A62F7}.Release|Any CPU.Build.0 = Release|Any CPU
		{93F8BECC-119B-483F-AC07-5376E9579523}.Debug|Any CPU.ActiveCfg = Debug|Any CPU
		{93F8BECC-119B-483F-AC07-5376E9579523}.Debug|Any CPU.Build.0 = Debug|Any CPU
		{93F8BECC-119B-483F-AC07-5376E9579523}.Release|Any CPU.ActiveCfg = Release|Any CPU
		{93F8BECC-119B-483F-AC07-5376E9579523}.Release|Any CPU.Build.0 = Release|Any CPU
	EndGlobalSection
EndGlobal
